
Microsoft Visual Studio Solution File, Format Version 12.00
# Visual Studio Version 17
VisualStudioVersion = 17.6.33815.320
MinimumVisualStudioVersion = 10.0.40219.1
Project("{FAE04EC0-301F-11D3-BF4B-00C04F79EFBC}") = "BackgroundGenerator", "BackgroundGenerator\BackgroundGenerator.csproj", "{9685BA7F-58FF-4437-B2A8-5ED602304B15}"
EndProject
Global
	GlobalSection(SolutionConfigurationPlatforms) = preSolution
		Debug|Any CPU = Debug|Any CPU
		Release|Any CPU = Release|Any CPU
	EndGlobalSection
	GlobalSection(ProjectConfigurationPlatforms) = postSolution
		{9685BA7F-58FF-4437-B2A8-5ED602304B15}.Debug|Any CPU.ActiveCfg = Debug|Any CPU
		{9685BA7F-58FF-4437-B2A8-5ED602304B15}.Debug|Any CPU.Build.0 = Debug|Any CPU
		{9685BA7F-58FF-4437-B2A8-5ED602304B15}.Release|Any CPU.ActiveCfg = Release|Any CPU
		{9685BA7F-58FF-4437-B2A8-5ED602304B15}.Release|Any CPU.Build.0 = Release|Any CPU
	EndGlobalSection
	GlobalSection(SolutionProperties) = preSolution
		HideSolutionNode = FALSE
	EndGlobalSection
	GlobalSection(ExtensibilityGlobals) = postSolution
		SolutionGuid = {320EEEA9-9C37-4881-B85D-6D7C41311994}
	EndGlobalSection
EndGlobal
