
Microsoft Visual Studio Solution File, Format Version 12.00
# Visual Studio Version 16
VisualStudioVersion = 16.0.33801.447
MinimumVisualStudioVersion = 10.0.40219.1
Project("{FAE04EC0-301F-11D3-BF4B-00C04F79EFBC}") = "PasswordGenerator", "PasswordGenerator\PasswordGenerator.csproj", "{EF79BE76-7ABB-4801-88F8-02F4D9EF5CFB}"
EndProject
Global
	GlobalSection(SolutionConfigurationPlatforms) = preSolution
		Debug|Any CPU = Debug|Any CPU
		Release|Any CPU = Release|Any CPU
	EndGlobalSection
	GlobalSection(ProjectConfigurationPlatforms) = postSolution
		{EF79BE76-7ABB-4801-88F8-02F4D9EF5CFB}.Debug|Any CPU.ActiveCfg = Debug|Any CPU
		{EF79BE76-7ABB-4801-88F8-02F4D9EF5CFB}.Debug|Any CPU.Build.0 = Debug|Any CPU
		{EF79BE76-7ABB-4801-88F8-02F4D9EF5CFB}.Release|Any CPU.ActiveCfg = Release|Any CPU
		{EF79BE76-7ABB-4801-88F8-02F4D9EF5CFB}.Release|Any CPU.Build.0 = Release|Any CPU
	EndGlobalSection
	GlobalSection(SolutionProperties) = preSolution
		HideSolutionNode = FALSE
	EndGlobalSection
	GlobalSection(ExtensibilityGlobals) = postSolution
		SolutionGuid = {62F75467-74F7-426F-BD15-CD8F64B317FF}
	EndGlobalSection
EndGlobal
